{
  "name": "@encrypted-uri/noble-cipher",
  "version": "0.1.0",
  "lockfileVersion": 3,
  "requires": true,
  "packages": {
    "": {
      "name": "@encrypted-uri/noble-cipher",
      "version": "0.1.0",
      "license": "Unlicense",
      "dependencies": {
        "@noble/ciphers": "^0.4.1"
      }
    },
    "node_modules/@noble/ciphers": {
      "version": "0.4.1",
      "resolved": "https://registry.npmjs.org/@noble/ciphers/-/ciphers-0.4.1.tgz",
      "integrity": "sha512-QCOA9cgf3Rc33owG0AYBB9wszz+Ul2kramWN8tXG44Gyciud/tbkEqvxRF/IpqQaBpRBNi9f4jdNxqB2CQCIXg==",
      "funding": {
        "url": "https://paulmillr.com/funding/"
      }
    }
  }
}
